// !$*UTF8*$!
{
	archiveVersion = 1;
	classes = {
	};
	objectVersion = 50;
	objects = {

/* Begin PBXBuildFile section */
		F1504F46265194ED00B481E8 /* AppDelegate.swift in Sources */ = {isa = PBXBuildFile; fileRef = F1504F45265194ED00B481E8 /* AppDelegate.swift */; };
		F1504F4A265194ED00B481E8 /* PhotoGridExcerciseViewController.swift in Sources */ = {isa = PBXBuildFile; fileRef = F1504F49265194ED00B481E8 /* PhotoGridExcerciseViewController.swift */; };
		F1504F4D265194ED00B481E8 /* Main.storyboard in Resources */ = {isa = PBXBuildFile; fileRef = F1504F4B265194ED00B481E8 /* Main.storyboard */; };
		F1504F4F265194EE00B481E8 /* Assets.xcassets in Resources */ = {isa = PBXBuildFile; fileRef = F1504F4E265194EE00B481E8 /* Assets.xcassets */; };
		F1504F52265194EE00B481E8 /* LaunchScreen.storyboard in Resources */ = {isa = PBXBuildFile; fileRef = F1504F50265194EE00B481E8 /* LaunchScreen.storyboard */; };
/* End PBXBuildFile section */

/* Begin PBXFileReference section */
		F1504F42265194ED00B481E8 /* PhotoGridExercise.app */ = {isa = PBXFileReference; explicitFileType = wrapper.application; includeInIndex = 0; path = PhotoGridExercise.app; sourceTree = BUILT_PRODUCTS_DIR; };
		F1504F45265194ED00B481E8 /* AppDelegate.swift */ = {isa = PBXFileReference; lastKnownFileType = sourcecode.swift; path = AppDelegate.swift; sourceTree = "<group>"; };
		F1504F49265194ED00B481E8 /* PhotoGridExcerciseViewController.swift */ = {isa = PBXFileReference; lastKnownFileType = sourcecode.swift; path = PhotoGridExcerciseViewController.swift; sourceTree = "<group>"; };
		F1504F4C265194ED00B481E8 /* Base */ = {isa = PBXFileReference; lastKnownFileType = file.storyboard; name = Base; path = Base.lproj/Main.storyboard; sourceTree = "<group>"; };
		F1504F4E265194EE00B481E8 /* Assets.xcassets */ = {isa = PBXFileReference; lastKnownFileType = folder.assetcatalog; path = Assets.xcassets; sourceTree = "<group>"; };
		F1504F51265194EE00B481E8 /* Base */ = {isa = PBXFileReference; lastKnownFileType = file.storyboard; name = Base; path = Base.lproj/LaunchScreen.storyboard; sourceTree = "<group>"; };
		F1504F53265194EE00B481E8 /* Info.plist */ = {isa = PBXFileReference; lastKnownFileType = text.plist.xml; path = Info.plist; sourceTree = "<group>"; };
/* End PBXFileReference section */

/* Begin PBXFrameworksBuildPhase section */
		F1504F3F265194ED00B481E8 /* Frameworks */ = {
			isa = PBXFrameworksBuildPhase;
			buildActionMask = 2147483647;
			files = (
			);
			runOnlyForDeploymentPostprocessing = 0;
		};
/* End PBXFrameworksBuildPhase section */

/* Begin PBXGroup section */
		F1504F39265194ED00B481E8 = {
			isa = PBXGroup;
			children = (
				F1504F44265194ED00B481E8 /* PhotoGridExercise */,
				F1504F43265194ED00B481E8 /* Products */,
			);
			sourceTree = "<group>";
		};
		F1504F43265194ED00B481E8 /* Products */ = {
			isa = PBXGroup;
			children = (
				F1504F42265194ED00B481E8 /* PhotoGridExercise.app */,
			);
			name = Products;
			sourceTree = "<group>";
		};
		F1504F44265194ED00B481E8 /* PhotoGridExercise */ = {
			isa = PBXGroup;
			children = (
				F1504F5C265195D600B481E8 /* Common */,
				F1504F5E265195F200B481E8 /* Storyboard */,
				F1504F5D265195DC00B481E8 /* Resources */,
				F1504F592651951800B481E8 /* Model */,
				F1504F5B2651951E00B481E8 /* ViewModel */,
				F1504F5A2651951B00B481E8 /* View */,
			);
			path = PhotoGridExercise;
			sourceTree = "<group>";
		};
		F1504F592651951800B481E8 /* Model */ = {
			isa = PBXGroup;
			children = (
			);
			path = Model;
			sourceTree = "<group>";
		};
		F1504F5A2651951B00B481E8 /* View */ = {
			isa = PBXGroup;
			children = (
				F1504F49265194ED00B481E8 /* PhotoGridExcerciseViewController.swift */,
			);
			path = View;
			sourceTree = "<group>";
		};
		F1504F5B2651951E00B481E8 /* ViewModel */ = {
			isa = PBXGroup;
			children = (
			);
			path = ViewModel;
			sourceTree = "<group>";
		};
		F1504F5C265195D600B481E8 /* Common */ = {
			isa = PBXGroup;
			children = (
				F1504F45265194ED00B481E8 /* AppDelegate.swift */,
			);
			path = Common;
			sourceTree = "<group>";
		};
		F1504F5D265195DC00B481E8 /* Resources */ = {
			isa = PBXGroup;
			children = (
				F1504F4E265194EE00B481E8 /* Assets.xcassets */,
				F1504F53265194EE00B481E8 /* Info.plist */,
			);
			path = Resources;
			sourceTree = "<group>";
		};
		F1504F5E265195F200B481E8 /* Storyboard */ = {
			isa = PBXGroup;
			children = (
				F1504F50265194EE00B481E8 /* LaunchScreen.storyboard */,
				F1504F4B265194ED00B481E8 /* Main.storyboard */,
			);
			path = Storyboard;
			sourceTree = "<group>";
		};
/* End PBXGroup section */

/* Begin PBXNativeTarget section */
		F1504F41265194ED00B481E8 /* PhotoGridExercise */ = {
			isa = PBXNativeTarget;
			buildConfigurationList = F1504F56265194EE00B481E8 /* Build configuration list for PBXNativeTarget "PhotoGridExercise" */;
			buildPhases = (
				F1504F3E265194ED00B481E8 /* Sources */,
				F1504F3F265194ED00B481E8 /* Frameworks */,
				F1504F40265194ED00B481E8 /* Resources */,
			);
			buildRules = (
			);
			dependencies = (
			);
			name = PhotoGridExercise;
			productName = PhotoGridExercise;
			productReference = F1504F42265194ED00B481E8 /* PhotoGridExercise.app */;
			productType = "com.apple.product-type.application";
		};
/* End PBXNativeTarget section */

/* Begin PBXProject section */
		F1504F3A265194ED00B481E8 /* Project object */ = {
			isa = PBXProject;
			attributes = {
				LastSwiftUpdateCheck = 1250;
				LastUpgradeCheck = 1250;
				TargetAttributes = {
					F1504F41265194ED00B481E8 = {
						CreatedOnToolsVersion = 12.5;
					};
				};
			};
			buildConfigurationList = F1504F3D265194ED00B481E8 /* Build configuration list for PBXProject "PhotoGridExercise" */;
			compatibilityVersion = "Xcode 9.3";
			developmentRegion = en;
			hasScannedForEncodings = 0;
			knownRegions = (
				en,
				Base,
			);
			mainGroup = F1504F39265194ED00B481E8;
			productRefGroup = F1504F43265194ED00B481E8 /* Products */;
			projectDirPath = "";
			projectRoot = "";
			targets = (
				F1504F41265194ED00B481E8 /* PhotoGridExercise */,
			);
		};
/* End PBXProject section */

/* Begin PBXResourcesBuildPhase section */
		F1504F40265194ED00B481E8 /* Resources */ = {
			isa = PBXResourcesBuildPhase;
			buildActionMask = 2147483647;
			files = (
				F1504F52265194EE00B481E8 /* LaunchScreen.storyboard in Resources */,
				F1504F4F265194EE00B481E8 /* Assets.xcassets in Resources */,
				F1504F4D265194ED00B481E8 /* Main.storyboard in Resources */,
			);
			runOnlyForDeploymentPostprocessing = 0;
		};
/* End PBXResourcesBuildPhase section */

/* Begin PBXSourcesBuildPhase section */
		F1504F3E265194ED00B481E8 /* Sources */ = {
			isa = PBXSourcesBuildPhase;
			buildActionMask = 2147483647;
			files = (
				F1504F4A265194ED00B481E8 /* PhotoGridExcerciseViewController.swift in Sources */,
				F1504F46265194ED00B481E8 /* AppDelegate.swift in Sources */,
			);
			runOnlyForDeploymentPostprocessing = 0;
		};
/* End PBXSourcesBuildPhase section */

/* Begin PBXVariantGroup section */
		F1504F4B265194ED00B481E8 /* Main.storyboard */ = {
			isa = PBXVariantGroup;
			children = (
				F1504F4C265194ED00B481E8 /* Base */,
			);
			name = Main.storyboard;
			sourceTree = "<group>";
		};
		F1504F50265194EE00B481E8 /* LaunchScreen.storyboard */ = {
			isa = PBXVariantGroup;
			children = (
				F1504F51265194EE00B481E8 /* Base */,
			);
			name = LaunchScreen.storyboard;
			sourceTree = "<group>";
		};
/* End PBXVariantGroup section */

/* Begin XCBuildConfiguration section */
		F1504F54265194EE00B481E8 /* Debug */ = {
			isa = XCBuildConfiguration;
			buildSettings = {
				ALWAYS_SEARCH_USER_PATHS = NO;
				CLANG_ANALYZER_NONNULL = YES;
				CLANG_ANALYZER_NUMBER_OBJECT_CONVERSION = YES_AGGRESSIVE;
				CLANG_CXX_LANGUAGE_STANDARD = "gnu++14";
				CLANG_CXX_LIBRARY = "libc++";
				CLANG_ENABLE_MODULES = YES;
				CLANG_ENABLE_OBJC_ARC = YES;
				CLANG_ENABLE_OBJC_WEAK = YES;
				CLANG_WARN_BLOCK_CAPTURE_AUTORELEASING = YES;
				CLANG_WARN_BOOL_CONVERSION = YES;
				CLANG_WARN_COMMA = YES;
				CLANG_WARN_CONSTANT_CONVERSION = YES;
				CLANG_WARN_DEPRECATED_OBJC_IMPLEMENTATIONS = YES;
				CLANG_WARN_DIRECT_OBJC_ISA_USAGE = YES_ERROR;
				CLANG_WARN_DOCUMENTATION_COMMENTS = YES;
				CLANG_WARN_EMPTY_BODY = YES;
				CLANG_WARN_ENUM_CONVERSION = YES;
				CLANG_WARN_INFINITE_RECURSION = YES;
				CLANG_WARN_INT_CONVERSION = YES;
				CLANG_WARN_NON_LITERAL_NULL_CONVERSION = YES;
				CLANG_WARN_OBJC_IMPLICIT_RETAIN_SELF = YES;
				CLANG_WARN_OBJC_LITERAL_CONVERSION = YES;
				CLANG_WARN_OBJC_ROOT_CLASS = YES_ERROR;
				CLANG_WARN_QUOTED_INCLUDE_IN_FRAMEWORK_HEADER = YES;
				CLANG_WARN_RANGE_LOOP_ANALYSIS = YES;
				CLANG_WARN_STRICT_PROTOTYPES = YES;
				CLANG_WARN_SUSPICIOUS_MOVE = YES;
				CLANG_WARN_UNGUARDED_AVAILABILITY = YES_AGGRESSIVE;
				CLANG_WARN_UNREACHABLE_CODE = YES;
				CLANG_WARN__DUPLICATE_METHOD_MATCH = YES;
				COPY_PHASE_STRIP = NO;
				DEBUG_INFORMATION_FORMAT = dwarf;
				ENABLE_STRICT_OBJC_MSGSEND = YES;
				ENABLE_TESTABILITY = YES;
				GCC_C_LANGUAGE_STANDARD = gnu11;
				GCC_DYNAMIC_NO_PIC = NO;
				GCC_NO_COMMON_BLOCKS = YES;
				GCC_OPTIMIZATION_LEVEL = 0;
				GCC_PREPROCESSOR_DEFINITIONS = (
					"DEBUG=1",
					"$(inherited)",
				);
				GCC_WARN_64_TO_32_BIT_CONVERSION = YES;
				GCC_WARN_ABOUT_RETURN_TYPE = YES_ERROR;
				GCC_WARN_UNDECLARED_SELECTOR = YES;
				GCC_WARN_UNINITIALIZED_AUTOS = YES_AGGRESSIVE;
				GCC_WARN_UNUSED_FUNCTION = YES;
				GCC_WARN_UNUSED_VARIABLE = YES;
				IPHONEOS_DEPLOYMENT_TARGET = 14.5;
				MTL_ENABLE_DEBUG_INFO = INCLUDE_SOURCE;
				MTL_FAST_MATH = YES;
				ONLY_ACTIVE_ARCH = YES;
				SDKROOT = iphoneos;
				SWIFT_ACTIVE_COMPILATION_CONDITIONS = DEBUG;
				SWIFT_OPTIMIZATION_LEVEL = "-Onone";
			};
			name = Debug;
		};
		F1504F55265194EE00B481E8 /* Release */ = {
			isa = XCBuildConfiguration;
			buildSettings = {
				ALWAYS_SEARCH_USER_PATHS = NO;
				CLANG_ANALYZER_NONNULL = YES;
				CLANG_ANALYZER_NUMBER_OBJECT_CONVERSION = YES_AGGRESSIVE;
				CLANG_CXX_LANGUAGE_STANDARD = "gnu++14";
				CLANG_CXX_LIBRARY = "libc++";
				CLANG_ENABLE_MODULES = YES;
				CLANG_ENABLE_OBJC_ARC = YES;
				CLANG_ENABLE_OBJC_WEAK = YES;
				CLANG_WARN_BLOCK_CAPTURE_AUTORELEASING = YES;
				CLANG_WARN_BOOL_CONVERSION = YES;
				CLANG_WARN_COMMA = YES;
				CLANG_WARN_CONSTANT_CONVERSION = YES;
				CLANG_WARN_DEPRECATED_OBJC_IMPLEMENTATIONS = YES;
				CLANG_WARN_DIRECT_OBJC_ISA_USAGE = YES_ERROR;
				CLANG_WARN_DOCUMENTATION_COMMENTS = YES;
				CLANG_WARN_EMPTY_BODY = YES;
				CLANG_WARN_ENUM_CONVERSION = YES;
				CLANG_WARN_INFINITE_RECURSION = YES;
				CLANG_WARN_INT_CONVERSION = YES;
				CLANG_WARN_NON_LITERAL_NULL_CONVERSION = YES;
				CLANG_WARN_OBJC_IMPLICIT_RETAIN_SELF = YES;
				CLANG_WARN_OBJC_LITERAL_CONVERSION = YES;
				CLANG_WARN_OBJC_ROOT_CLASS = YES_ERROR;
				CLANG_WARN_QUOTED_INCLUDE_IN_FRAMEWORK_HEADER = YES;
				CLANG_WARN_RANGE_LOOP_ANALYSIS = YES;
				CLANG_WARN_STRICT_PROTOTYPES = YES;
				CLANG_WARN_SUSPICIOUS_MOVE = YES;
				CLANG_WARN_UNGUARDED_AVAILABILITY = YES_AGGRESSIVE;
				CLANG_WARN_UNREACHABLE_CODE = YES;
				CLANG_WARN__DUPLICATE_METHOD_MATCH = YES;
				COPY_PHASE_STRIP = NO;
				DEBUG_INFORMATION_FORMAT = "dwarf-with-dsym";
				ENABLE_NS_ASSERTIONS = NO;
				ENABLE_STRICT_OBJC_MSGSEND = YES;
				GCC_C_LANGUAGE_STANDARD = gnu11;
				GCC_NO_COMMON_BLOCKS = YES;
				GCC_WARN_64_TO_32_BIT_CONVERSION = YES;
				GCC_WARN_ABOUT_RETURN_TYPE = YES_ERROR;
				GCC_WARN_UNDECLARED_SELECTOR = YES;
				GCC_WARN_UNINITIALIZED_AUTOS = YES_AGGRESSIVE;
				GCC_WARN_UNUSED_FUNCTION = YES;
				GCC_WARN_UNUSED_VARIABLE = YES;
				IPHONEOS_DEPLOYMENT_TARGET = 14.5;
				MTL_ENABLE_DEBUG_INFO = NO;
				MTL_FAST_MATH = YES;
				SDKROOT = iphoneos;
				SWIFT_COMPILATION_MODE = wholemodule;
				SWIFT_OPTIMIZATION_LEVEL = "-O";
				VALIDATE_PRODUCT = YES;
			};
			name = Release;
		};
		F1504F57265194EE00B481E8 /* Debug */ = {
			isa = XCBuildConfiguration;
			buildSettings = {
				ASSETCATALOG_COMPILER_APPICON_NAME = AppIcon;
				ASSETCATALOG_COMPILER_GLOBAL_ACCENT_COLOR_NAME = AccentColor;
				CODE_SIGN_STYLE = Automatic;
				DEVELOPMENT_TEAM = S2BEC8V882;
				INFOPLIST_FILE = PhotoGridExercise/Resources/Info.plist;
				LD_RUNPATH_SEARCH_PATHS = (
					"$(inherited)",
					"@executable_path/Frameworks",
				);
				PRODUCT_BUNDLE_IDENTIFIER = ddg.PhotoGridExercise;
				PRODUCT_NAME = "$(TARGET_NAME)";
				SWIFT_VERSION = 5.0;
				TARGETED_DEVICE_FAMILY = "1,2";
			};
			name = Debug;
		};
		F1504F58265194EE00B481E8 /* Release */ = {
			isa = XCBuildConfiguration;
			buildSettings = {
				ASSETCATALOG_COMPILER_APPICON_NAME = AppIcon;
				ASSETCATALOG_COMPILER_GLOBAL_ACCENT_COLOR_NAME = AccentColor;
				CODE_SIGN_STYLE = Automatic;
				DEVELOPMENT_TEAM = S2BEC8V882;
				INFOPLIST_FILE = PhotoGridExercise/Resources/Info.plist;
				LD_RUNPATH_SEARCH_PATHS = (
					"$(inherited)",
					"@executable_path/Frameworks",
				);
				PRODUCT_BUNDLE_IDENTIFIER = ddg.PhotoGridExercise;
				PRODUCT_NAME = "$(TARGET_NAME)";
				SWIFT_VERSION = 5.0;
				TARGETED_DEVICE_FAMILY = "1,2";
			};
			name = Release;
		};
/* End XCBuildConfiguration section */

/* Begin XCConfigurationList section */
		F1504F3D265194ED00B481E8 /* Build configuration list for PBXProject "PhotoGridExercise" */ = {
			isa = XCConfigurationList;
			buildConfigurations = (
				F1504F54265194EE00B481E8 /* Debug */,
				F1504F55265194EE00B481E8 /* Release */,
			);
			defaultConfigurationIsVisible = 0;
			defaultConfigurationName = Release;
		};
		F1504F56265194EE00B481E8 /* Build configuration list for PBXNativeTarget "PhotoGridExercise" */ = {
			isa = XCConfigurationList;
			buildConfigurations = (
				F1504F57265194EE00B481E8 /* Debug */,
				F1504F58265194EE00B481E8 /* Release */,
			);
			defaultConfigurationIsVisible = 0;
			defaultConfigurationName = Release;
		};
/* End XCConfigurationList section */
	};
	rootObject = F1504F3A265194ED00B481E8 /* Project object */;
}
